
Microsoft Visual Studio Solution File, Format Version 12.00
# Visual Studio Version 17
VisualStudioVersion = 17.4.33205.214
MinimumVisualStudioVersion = 10.0.40219.1
Project("{FAE04EC0-301F-11D3-BF4B-00C04F79EFBC}") = "mqtt_gas", "mqtt_gas\mqtt_gas.csproj", "{C2A4F77C-EAF0-4948-BC2C-27F3613A7319}"
EndProject
Global
	GlobalSection(SolutionConfigurationPlatforms) = preSolution
		Debug|Any CPU = Debug|Any CPU
		Release|Any CPU = Release|Any CPU
	EndGlobalSection
	GlobalSection(ProjectConfigurationPlatforms) = postSolution
		{C2A4F77C-EAF0-4948-BC2C-27F3613A7319}.Debug|Any CPU.ActiveCfg = Debug|Any CPU
		{C2A4F77C-EAF0-4948-BC2C-27F3613A7319}.Debug|Any CPU.Build.0 = Debug|Any CPU
		{C2A4F77C-EAF0-4948-BC2C-27F3613A7319}.Debug|Any CPU.Deploy.0 = Debug|Any CPU
		{C2A4F77C-EAF0-4948-BC2C-27F3613A7319}.Release|Any CPU.ActiveCfg = Release|Any CPU
		{C2A4F77C-EAF0-4948-BC2C-27F3613A7319}.Release|Any CPU.Build.0 = Release|Any CPU
		{C2A4F77C-EAF0-4948-BC2C-27F3613A7319}.Release|Any CPU.Deploy.0 = Release|Any CPU
	EndGlobalSection
	GlobalSection(SolutionProperties) = preSolution
		HideSolutionNode = FALSE
	EndGlobalSection
	GlobalSection(ExtensibilityGlobals) = postSolution
		SolutionGuid = {D9710191-AAB2-4125-BFBC-34F7EF3B907B}
	EndGlobalSection
EndGlobal
